
Microsoft Visual Studio Solution File, Format Version 12.00
# Visual Studio Version 17
VisualStudioVersion = 17.9.34728.123
MinimumVisualStudioVersion = 10.0.40219.1
Project("{9A19103F-16F7-4668-BE54-9A1E7A4F7556}") = "AvaloniaiOSCrash02", "AvaloniaiOSCrash02\AvaloniaiOSCrash02\AvaloniaiOSCrash02.csproj", "{BDECA523-09F2-4019-9221-FC512526B742}"
EndProject
Project("{9A19103F-16F7-4668-BE54-9A1E7A4F7556}") = "AvaloniaiOSCrash02.Android", "AvaloniaiOSCrash02\AvaloniaiOSCrash02.Android\AvaloniaiOSCrash02.Android.csproj", "{AEBB6C2D-F846-4739-887D-FC76800E7601}"
EndProject
Project("{9A19103F-16F7-4668-BE54-9A1E7A4F7556}") = "AvaloniaiOSCrash02.Desktop", "AvaloniaiOSCrash02\AvaloniaiOSCrash02.Desktop\AvaloniaiOSCrash02.Desktop.csproj", "{FB08ABD8-8506-4C39-965E-762D17DFC6E9}"
EndProject
Project("{9A19103F-16F7-4668-BE54-9A1E7A4F7556}") = "AvaloniaiOSCrash02.iOS", "AvaloniaiOSCrash02\AvaloniaiOSCrash02.iOS\AvaloniaiOSCrash02.iOS.csproj", "{5F4D10DA-37E7-4E07-8456-3739BEBBBCF6}"
EndProject
Project("{9A19103F-16F7-4668-BE54-9A1E7A4F7556}") = "AvaloniaiOSCrash02.Browser", "AvaloniaiOSCrash02\AvaloniaiOSCrash02.Browser\AvaloniaiOSCrash02.Browser.csproj", "{826FE150-E811-4F2C-BB85-6D10D1692470}"
EndProject
Project("{C7167F0D-BC9F-4E6E-AFE1-012C56B48DB5}") = "WindowsSetup", "WindowsSetup\WindowsSetup.wapproj", "{754DC8D9-1D70-415A-A5D7-F294D8FDB27D}"
EndProject
Global
	GlobalSection(SolutionConfigurationPlatforms) = preSolution
		Debug|Any CPU = Debug|Any CPU
		Debug|ARM = Debug|ARM
		Debug|ARM64 = Debug|ARM64
		Debug|x64 = Debug|x64
		Debug|x86 = Debug|x86
		Release|Any CPU = Release|Any CPU
		Release|ARM = Release|ARM
		Release|ARM64 = Release|ARM64
		Release|x64 = Release|x64
		Release|x86 = Release|x86
	EndGlobalSection
	GlobalSection(ProjectConfigurationPlatforms) = postSolution
		{BDECA523-09F2-4019-9221-FC512526B742}.Debug|Any CPU.ActiveCfg = Debug|Any CPU
		{BDECA523-09F2-4019-9221-FC512526B742}.Debug|Any CPU.Build.0 = Debug|Any CPU
		{BDECA523-09F2-4019-9221-FC512526B742}.Debug|ARM.ActiveCfg = Debug|Any CPU
		{BDECA523-09F2-4019-9221-FC512526B742}.Debug|ARM.Build.0 = Debug|Any CPU
		{BDECA523-09F2-4019-9221-FC512526B742}.Debug|ARM64.ActiveCfg = Debug|Any CPU
		{BDECA523-09F2-4019-9221-FC512526B742}.Debug|ARM64.Build.0 = Debug|Any CPU
		{BDECA523-09F2-4019-9221-FC512526B742}.Debug|x64.ActiveCfg = Debug|Any CPU
		{BDECA523-09F2-4019-9221-FC512526B742}.Debug|x64.Build.0 = Debug|Any CPU
		{BDECA523-09F2-4019-9221-FC512526B742}.Debug|x86.ActiveCfg = Debug|Any CPU
		{BDECA523-09F2-4019-9221-FC512526B742}.Debug|x86.Build.0 = Debug|Any CPU
		{BDECA523-09F2-4019-9221-FC512526B742}.Release|Any CPU.ActiveCfg = Release|Any CPU
		{BDECA523-09F2-4019-9221-FC512526B742}.Release|Any CPU.Build.0 = Release|Any CPU
		{BDECA523-09F2-4019-9221-FC512526B742}.Release|ARM.ActiveCfg = Release|Any CPU
		{BDECA523-09F2-4019-9221-FC512526B742}.Release|ARM.Build.0 = Release|Any CPU
		{BDECA523-09F2-4019-9221-FC512526B742}.Release|ARM64.ActiveCfg = Release|Any CPU
		{BDECA523-09F2-4019-9221-FC512526B742}.Release|ARM64.Build.0 = Release|Any CPU
		{BDECA523-09F2-4019-9221-FC512526B742}.Release|x64.ActiveCfg = Release|Any CPU
		{BDECA523-09F2-4019-9221-FC512526B742}.Release|x64.Build.0 = Release|Any CPU
		{BDECA523-09F2-4019-9221-FC512526B742}.Release|x86.ActiveCfg = Release|Any CPU
		{BDECA523-09F2-4019-9221-FC512526B742}.Release|x86.Build.0 = Release|Any CPU
		{AEBB6C2D-F846-4739-887D-FC76800E7601}.Debug|Any CPU.ActiveCfg = Debug|Any CPU
		{AEBB6C2D-F846-4739-887D-FC76800E7601}.Debug|Any CPU.Build.0 = Debug|Any CPU
		{AEBB6C2D-F846-4739-887D-FC76800E7601}.Debug|Any CPU.Deploy.0 = Debug|Any CPU
		{AEBB6C2D-F846-4739-887D-FC76800E7601}.Debug|ARM.ActiveCfg = Debug|Any CPU
		{AEBB6C2D-F846-4739-887D-FC76800E7601}.Debug|ARM.Build.0 = Debug|Any CPU
		{AEBB6C2D-F846-4739-887D-FC76800E7601}.Debug|ARM.Deploy.0 = Debug|Any CPU
		{AEBB6C2D-F846-4739-887D-FC76800E7601}.Debug|ARM64.ActiveCfg = Debug|Any CPU
		{AEBB6C2D-F846-4739-887D-FC76800E7601}.Debug|ARM64.Build.0 = Debug|Any CPU
		{AEBB6C2D-F846-4739-887D-FC76800E7601}.Debug|ARM64.Deploy.0 = Debug|Any CPU
		{AEBB6C2D-F846-4739-887D-FC76800E7601}.Debug|x64.ActiveCfg = Debug|Any CPU
		{AEBB6C2D-F846-4739-887D-FC76800E7601}.Debug|x64.Build.0 = Debug|Any CPU
		{AEBB6C2D-F846-4739-887D-FC76800E7601}.Debug|x64.Deploy.0 = Debug|Any CPU
		{AEBB6C2D-F846-4739-887D-FC76800E7601}.Debug|x86.ActiveCfg = Debug|Any CPU
		{AEBB6C2D-F846-4739-887D-FC76800E7601}.Debug|x86.Build.0 = Debug|Any CPU
		{AEBB6C2D-F846-4739-887D-FC76800E7601}.Debug|x86.Deploy.0 = Debug|Any CPU
		{AEBB6C2D-F846-4739-887D-FC76800E7601}.Release|Any CPU.ActiveCfg = Release|Any CPU
		{AEBB6C2D-F846-4739-887D-FC76800E7601}.Release|Any CPU.Build.0 = Release|Any CPU
		{AEBB6C2D-F846-4739-887D-FC76800E7601}.Release|Any CPU.Deploy.0 = Release|Any CPU
		{AEBB6C2D-F846-4739-887D-FC76800E7601}.Release|ARM.ActiveCfg = Release|Any CPU
		{AEBB6C2D-F846-4739-887D-FC76800E7601}.Release|ARM.Build.0 = Release|Any CPU
		{AEBB6C2D-F846-4739-887D-FC76800E7601}.Release|ARM.Deploy.0 = Release|Any CPU
		{AEBB6C2D-F846-4739-887D-FC76800E7601}.Release|ARM64.ActiveCfg = Release|Any CPU
		{AEBB6C2D-F846-4739-887D-FC76800E7601}.Release|ARM64.Build.0 = Release|Any CPU
		{AEBB6C2D-F846-4739-887D-FC76800E7601}.Release|ARM64.Deploy.0 = Release|Any CPU
		{AEBB6C2D-F846-4739-887D-FC76800E7601}.Release|x64.ActiveCfg = Release|Any CPU
		{AEBB6C2D-F846-4739-887D-FC76800E7601}.Release|x64.Build.0 = Release|Any CPU
		{AEBB6C2D-F846-4739-887D-FC76800E7601}.Release|x64.Deploy.0 = Release|Any CPU
		{AEBB6C2D-F846-4739-887D-FC76800E7601}.Release|x86.ActiveCfg = Release|Any CPU
		{AEBB6C2D-F846-4739-887D-FC76800E7601}.Release|x86.Build.0 = Release|Any CPU
		{AEBB6C2D-F846-4739-887D-FC76800E7601}.Release|x86.Deploy.0 = Release|Any CPU
		{FB08ABD8-8506-4C39-965E-762D17DFC6E9}.Debug|Any CPU.ActiveCfg = Debug|Any CPU
		{FB08ABD8-8506-4C39-965E-762D17DFC6E9}.Debug|Any CPU.Build.0 = Debug|Any CPU
		{FB08ABD8-8506-4C39-965E-762D17DFC6E9}.Debug|ARM.ActiveCfg = Debug|Any CPU
		{FB08ABD8-8506-4C39-965E-762D17DFC6E9}.Debug|ARM.Build.0 = Debug|Any CPU
		{FB08ABD8-8506-4C39-965E-762D17DFC6E9}.Debug|ARM64.ActiveCfg = Debug|Any CPU
		{FB08ABD8-8506-4C39-965E-762D17DFC6E9}.Debug|ARM64.Build.0 = Debug|Any CPU
		{FB08ABD8-8506-4C39-965E-762D17DFC6E9}.Debug|x64.ActiveCfg = Debug|Any CPU
		{FB08ABD8-8506-4C39-965E-762D17DFC6E9}.Debug|x64.Build.0 = Debug|Any CPU
		{FB08ABD8-8506-4C39-965E-762D17DFC6E9}.Debug|x86.ActiveCfg = Debug|Any CPU
		{FB08ABD8-8506-4C39-965E-762D17DFC6E9}.Debug|x86.Build.0 = Debug|Any CPU
		{FB08ABD8-8506-4C39-965E-762D17DFC6E9}.Release|Any CPU.ActiveCfg = Release|Any CPU
		{FB08ABD8-8506-4C39-965E-762D17DFC6E9}.Release|Any CPU.Build.0 = Release|Any CPU
		{FB08ABD8-8506-4C39-965E-762D17DFC6E9}.Release|ARM.ActiveCfg = Release|Any CPU
		{FB08ABD8-8506-4C39-965E-762D17DFC6E9}.Release|ARM.Build.0 = Release|Any CPU
		{FB08ABD8-8506-4C39-965E-762D17DFC6E9}.Release|ARM64.ActiveCfg = Release|Any CPU
		{FB08ABD8-8506-4C39-965E-762D17DFC6E9}.Release|ARM64.Build.0 = Release|Any CPU
		{FB08ABD8-8506-4C39-965E-762D17DFC6E9}.Release|x64.ActiveCfg = Release|Any CPU
		{FB08ABD8-8506-4C39-965E-762D17DFC6E9}.Release|x64.Build.0 = Release|Any CPU
		{FB08ABD8-8506-4C39-965E-762D17DFC6E9}.Release|x86.ActiveCfg = Release|Any CPU
		{FB08ABD8-8506-4C39-965E-762D17DFC6E9}.Release|x86.Build.0 = Release|Any CPU
		{5F4D10DA-37E7-4E07-8456-3739BEBBBCF6}.Debug|Any CPU.ActiveCfg = Debug|Any CPU
		{5F4D10DA-37E7-4E07-8456-3739BEBBBCF6}.Debug|Any CPU.Build.0 = Debug|Any CPU
		{5F4D10DA-37E7-4E07-8456-3739BEBBBCF6}.Debug|Any CPU.Deploy.0 = Debug|Any CPU
		{5F4D10DA-37E7-4E07-8456-3739BEBBBCF6}.Debug|ARM.ActiveCfg = Debug|Any CPU
		{5F4D10DA-37E7-4E07-8456-3739BEBBBCF6}.Debug|ARM.Build.0 = Debug|Any CPU
		{5F4D10DA-37E7-4E07-8456-3739BEBBBCF6}.Debug|ARM.Deploy.0 = Debug|Any CPU
		{5F4D10DA-37E7-4E07-8456-3739BEBBBCF6}.Debug|ARM64.ActiveCfg = Debug|Any CPU
		{5F4D10DA-37E7-4E07-8456-3739BEBBBCF6}.Debug|ARM64.Build.0 = Debug|Any CPU
		{5F4D10DA-37E7-4E07-8456-3739BEBBBCF6}.Debug|ARM64.Deploy.0 = Debug|Any CPU
		{5F4D10DA-37E7-4E07-8456-3739BEBBBCF6}.Debug|x64.ActiveCfg = Debug|Any CPU
		{5F4D10DA-37E7-4E07-8456-3739BEBBBCF6}.Debug|x64.Build.0 = Debug|Any CPU
		{5F4D10DA-37E7-4E07-8456-3739BEBBBCF6}.Debug|x64.Deploy.0 = Debug|Any CPU
		{5F4D10DA-37E7-4E07-8456-3739BEBBBCF6}.Debug|x86.ActiveCfg = Debug|Any CPU
		{5F4D10DA-37E7-4E07-8456-3739BEBBBCF6}.Debug|x86.Build.0 = Debug|Any CPU
		{5F4D10DA-37E7-4E07-8456-3739BEBBBCF6}.Debug|x86.Deploy.0 = Debug|Any CPU
		{5F4D10DA-37E7-4E07-8456-3739BEBBBCF6}.Release|Any CPU.ActiveCfg = Release|Any CPU
		{5F4D10DA-37E7-4E07-8456-3739BEBBBCF6}.Release|Any CPU.Build.0 = Release|Any CPU
		{5F4D10DA-37E7-4E07-8456-3739BEBBBCF6}.Release|Any CPU.Deploy.0 = Release|Any CPU
		{5F4D10DA-37E7-4E07-8456-3739BEBBBCF6}.Release|ARM.ActiveCfg = Release|Any CPU
		{5F4D10DA-37E7-4E07-8456-3739BEBBBCF6}.Release|ARM.Build.0 = Release|Any CPU
		{5F4D10DA-37E7-4E07-8456-3739BEBBBCF6}.Release|ARM.Deploy.0 = Release|Any CPU
		{5F4D10DA-37E7-4E07-8456-3739BEBBBCF6}.Release|ARM64.ActiveCfg = Release|Any CPU
		{5F4D10DA-37E7-4E07-8456-3739BEBBBCF6}.Release|ARM64.Build.0 = Release|Any CPU
		{5F4D10DA-37E7-4E07-8456-3739BEBBBCF6}.Release|ARM64.Deploy.0 = Release|Any CPU
		{5F4D10DA-37E7-4E07-8456-3739BEBBBCF6}.Release|x64.ActiveCfg = Release|Any CPU
		{5F4D10DA-37E7-4E07-8456-3739BEBBBCF6}.Release|x64.Build.0 = Release|Any CPU
		{5F4D10DA-37E7-4E07-8456-3739BEBBBCF6}.Release|x64.Deploy.0 = Release|Any CPU
		{5F4D10DA-37E7-4E07-8456-3739BEBBBCF6}.Release|x86.ActiveCfg = Release|Any CPU
		{5F4D10DA-37E7-4E07-8456-3739BEBBBCF6}.Release|x86.Build.0 = Release|Any CPU
		{5F4D10DA-37E7-4E07-8456-3739BEBBBCF6}.Release|x86.Deploy.0 = Release|Any CPU
		{826FE150-E811-4F2C-BB85-6D10D1692470}.Debug|Any CPU.ActiveCfg = Debug|Any CPU
		{826FE150-E811-4F2C-BB85-6D10D1692470}.Debug|Any CPU.Build.0 = Debug|Any CPU
		{826FE150-E811-4F2C-BB85-6D10D1692470}.Debug|ARM.ActiveCfg = Debug|Any CPU
		{826FE150-E811-4F2C-BB85-6D10D1692470}.Debug|ARM.Build.0 = Debug|Any CPU
		{826FE150-E811-4F2C-BB85-6D10D1692470}.Debug|ARM64.ActiveCfg = Debug|Any CPU
		{826FE150-E811-4F2C-BB85-6D10D1692470}.Debug|ARM64.Build.0 = Debug|Any CPU
		{826FE150-E811-4F2C-BB85-6D10D1692470}.Debug|x64.ActiveCfg = Debug|Any CPU
		{826FE150-E811-4F2C-BB85-6D10D1692470}.Debug|x64.Build.0 = Debug|Any CPU
		{826FE150-E811-4F2C-BB85-6D10D1692470}.Debug|x86.ActiveCfg = Debug|Any CPU
		{826FE150-E811-4F2C-BB85-6D10D1692470}.Debug|x86.Build.0 = Debug|Any CPU
		{826FE150-E811-4F2C-BB85-6D10D1692470}.Release|Any CPU.ActiveCfg = Release|Any CPU
		{826FE150-E811-4F2C-BB85-6D10D1692470}.Release|Any CPU.Build.0 = Release|Any CPU
		{826FE150-E811-4F2C-BB85-6D10D1692470}.Release|ARM.ActiveCfg = Release|Any CPU
		{826FE150-E811-4F2C-BB85-6D10D1692470}.Release|ARM.Build.0 = Release|Any CPU
		{826FE150-E811-4F2C-BB85-6D10D1692470}.Release|ARM64.ActiveCfg = Release|Any CPU
		{826FE150-E811-4F2C-BB85-6D10D1692470}.Release|ARM64.Build.0 = Release|Any CPU
		{826FE150-E811-4F2C-BB85-6D10D1692470}.Release|x64.ActiveCfg = Release|Any CPU
		{826FE150-E811-4F2C-BB85-6D10D1692470}.Release|x64.Build.0 = Release|Any CPU
		{826FE150-E811-4F2C-BB85-6D10D1692470}.Release|x86.ActiveCfg = Release|Any CPU
		{826FE150-E811-4F2C-BB85-6D10D1692470}.Release|x86.Build.0 = Release|Any CPU
		{754DC8D9-1D70-415A-A5D7-F294D8FDB27D}.Debug|Any CPU.ActiveCfg = Debug|Any CPU
		{754DC8D9-1D70-415A-A5D7-F294D8FDB27D}.Debug|Any CPU.Build.0 = Debug|Any CPU
		{754DC8D9-1D70-415A-A5D7-F294D8FDB27D}.Debug|Any CPU.Deploy.0 = Debug|Any CPU
		{754DC8D9-1D70-415A-A5D7-F294D8FDB27D}.Debug|ARM.ActiveCfg = Debug|ARM
		{754DC8D9-1D70-415A-A5D7-F294D8FDB27D}.Debug|ARM.Build.0 = Debug|ARM
		{754DC8D9-1D70-415A-A5D7-F294D8FDB27D}.Debug|ARM.Deploy.0 = Debug|ARM
		{754DC8D9-1D70-415A-A5D7-F294D8FDB27D}.Debug|ARM64.ActiveCfg = Debug|ARM64
		{754DC8D9-1D70-415A-A5D7-F294D8FDB27D}.Debug|ARM64.Build.0 = Debug|ARM64
		{754DC8D9-1D70-415A-A5D7-F294D8FDB27D}.Debug|ARM64.Deploy.0 = Debug|ARM64
		{754DC8D9-1D70-415A-A5D7-F294D8FDB27D}.Debug|x64.ActiveCfg = Debug|x64
		{754DC8D9-1D70-415A-A5D7-F294D8FDB27D}.Debug|x64.Build.0 = Debug|x64
		{754DC8D9-1D70-415A-A5D7-F294D8FDB27D}.Debug|x64.Deploy.0 = Debug|x64
		{754DC8D9-1D70-415A-A5D7-F294D8FDB27D}.Debug|x86.ActiveCfg = Debug|x86
		{754DC8D9-1D70-415A-A5D7-F294D8FDB27D}.Debug|x86.Build.0 = Debug|x86
		{754DC8D9-1D70-415A-A5D7-F294D8FDB27D}.Debug|x86.Deploy.0 = Debug|x86
		{754DC8D9-1D70-415A-A5D7-F294D8FDB27D}.Release|Any CPU.ActiveCfg = Release|Any CPU
		{754DC8D9-1D70-415A-A5D7-F294D8FDB27D}.Release|Any CPU.Build.0 = Release|Any CPU
		{754DC8D9-1D70-415A-A5D7-F294D8FDB27D}.Release|Any CPU.Deploy.0 = Release|Any CPU
		{754DC8D9-1D70-415A-A5D7-F294D8FDB27D}.Release|ARM.ActiveCfg = Release|ARM
		{754DC8D9-1D70-415A-A5D7-F294D8FDB27D}.Release|ARM.Build.0 = Release|ARM
		{754DC8D9-1D70-415A-A5D7-F294D8FDB27D}.Release|ARM.Deploy.0 = Release|ARM
		{754DC8D9-1D70-415A-A5D7-F294D8FDB27D}.Release|ARM64.ActiveCfg = Release|ARM64
		{754DC8D9-1D70-415A-A5D7-F294D8FDB27D}.Release|ARM64.Build.0 = Release|ARM64
		{754DC8D9-1D70-415A-A5D7-F294D8FDB27D}.Release|ARM64.Deploy.0 = Release|ARM64
		{754DC8D9-1D70-415A-A5D7-F294D8FDB27D}.Release|x64.ActiveCfg = Release|x64
		{754DC8D9-1D70-415A-A5D7-F294D8FDB27D}.Release|x64.Build.0 = Release|x64
		{754DC8D9-1D70-415A-A5D7-F294D8FDB27D}.Release|x64.Deploy.0 = Release|x64
		{754DC8D9-1D70-415A-A5D7-F294D8FDB27D}.Release|x86.ActiveCfg = Release|x86
		{754DC8D9-1D70-415A-A5D7-F294D8FDB27D}.Release|x86.Build.0 = Release|x86
		{754DC8D9-1D70-415A-A5D7-F294D8FDB27D}.Release|x86.Deploy.0 = Release|x86
	EndGlobalSection
	GlobalSection(SolutionProperties) = preSolution
		HideSolutionNode = FALSE
	EndGlobalSection
	GlobalSection(ExtensibilityGlobals) = postSolution
		SolutionGuid = {BEAB7E3E-B5D3-480C-879C-03706314A21A}
	EndGlobalSection
EndGlobal
